<?xml version="1.0" encoding="utf-8"?>
<Project ToolsVersion="4.0" xmlns="http://schemas.microsoft.com/developer/msbuild/2003">
  <ItemGroup>
    <Filter Include="Chocolate">
      <UniqueIdentifier>{172CF1B8-8396-A52F-CCD4-56D5387E8384}</UniqueIdentifier>
    </Filter>
  </ItemGroup>
  <ItemGroup>
    <ClInclude Include="src\Chocolate.h" />
    <ClInclude Include="src\Chocolate\Application.h">
      <Filter>Chocolate</Filter>
    </ClInclude>
    <ClInclude Include="src\Chocolate\Core.h">
      <Filter>Chocolate</Filter>
    </ClInclude>
    <ClInclude Include="src\Chocolate\EntryPoint.h">
      <Filter>Chocolate</Filter>
    </ClInclude>
    <ClInclude Include="src\Chocolate\Log.h">
      <Filter>Chocolate</Filter>
    </ClInclude>
  </ItemGroup>
  <ItemGroup>
    <ClCompile Include="src\Chocolate\Application.cpp">
      <Filter>Chocolate</Filter>
    </ClCompile>
    <ClCompile Include="src\Chocolate\Log.cpp">
      <Filter>Chocolate</Filter>
    </ClCompile>
  </ItemGroup>
</Project>