<?xml version="1.0" encoding="utf-8"?>
<Project ToolsVersion="4.0" xmlns="http://schemas.microsoft.com/developer/msbuild/2003">
  <ItemGroup>
    <Filter Include="Chocolate">
      <UniqueIdentifier>{172CF1B8-8396-A52F-CCD4-56D5387E8384}</UniqueIdentifier>
    </Filter>
    <Filter Include="Chocolate\Events">
      <UniqueIdentifier>{1B78C775-0771-E6C7-30A3-CB4C1CFBC5D3}</UniqueIdentifier>
    </Filter>
    <Filter Include="Platform">
      <UniqueIdentifier>{2AC788B4-1694-E3BF-3FAD-D1672BD9184E}</UniqueIdentifier>
    </Filter>
    <Filter Include="Platform\Windows">
      <UniqueIdentifier>{64FBD71A-50F4-F66C-7926-DCF1657ED678}</UniqueIdentifier>
    </Filter>
  </ItemGroup>
  <ItemGroup>
    <ClInclude Include="src\Chocolate.h" />
    <ClInclude Include="src\Chocolate\Application.h">
      <Filter>Chocolate</Filter>
    </ClInclude>
    <ClInclude Include="src\Chocolate\Core.h">
      <Filter>Chocolate</Filter>
    </ClInclude>
    <ClInclude Include="src\Chocolate\EntryPoint.h">
      <Filter>Chocolate</Filter>
    </ClInclude>
    <ClInclude Include="src\Chocolate\Events\ApplicationEvent.h">
      <Filter>Chocolate\Events</Filter>
    </ClInclude>
    <ClInclude Include="src\Chocolate\Events\Event.h">
      <Filter>Chocolate\Events</Filter>
    </ClInclude>
    <ClInclude Include="src\Chocolate\Events\KeyEvent.h">
      <Filter>Chocolate\Events</Filter>
    </ClInclude>
    <ClInclude Include="src\Chocolate\Events\MouseEvent.h">
      <Filter>Chocolate\Events</Filter>
    </ClInclude>
    <ClInclude Include="src\Chocolate\Log.h">
      <Filter>Chocolate</Filter>
    </ClInclude>
    <ClInclude Include="src\Chocolate\Window.h">
      <Filter>Chocolate</Filter>
    </ClInclude>
    <ClInclude Include="src\Platform\Windows\WindowsWindow.h">
      <Filter>Platform\Windows</Filter>
    </ClInclude>
    <ClInclude Include="src\chpch.h" />
  </ItemGroup>
  <ItemGroup>
    <ClCompile Include="src\Chocolate\Application.cpp">
      <Filter>Chocolate</Filter>
    </ClCompile>
    <ClCompile Include="src\Chocolate\Log.cpp">
      <Filter>Chocolate</Filter>
    </ClCompile>
    <ClCompile Include="src\Platform\Windows\WindowsWindow.cpp">
      <Filter>Platform\Windows</Filter>
    </ClCompile>
    <ClCompile Include="src\chpch.cpp" />
  </ItemGroup>
</Project>